
Microsoft Visual Studio Solution File, Format Version 12.00
# Visual Studio 14
VisualStudioVersion = 14.0.25420.1
MinimumVisualStudioVersion = 10.0.40219.1
Project("{FAE04EC0-301F-11D3-BF4B-00C04F79EFBC}") = "SampleWebApp", "SampleWebApp\SampleWebApp.csproj", "{B016C41A-3C72-4E46-B43E-0A8C5820B2D2}"
EndProject
Project("{FAE04EC0-301F-11D3-BF4B-00C04F79EFBC}") = "UnityClassLibrary1", "UnityClassLibrary1\UnityClassLibrary1.csproj", "{F7F15A6C-B4BC-4AC3-B937-6630CD1CA378}"
EndProject
Global
	GlobalSection(SolutionConfigurationPlatforms) = preSolution
		Debug|Any CPU = Debug|Any CPU
		Release|Any CPU = Release|Any CPU
	EndGlobalSection
	GlobalSection(ProjectConfigurationPlatforms) = postSolution
		{B016C41A-3C72-4E46-B43E-0A8C5820B2D2}.Debug|Any CPU.ActiveCfg = Debug|Any CPU
		{B016C41A-3C72-4E46-B43E-0A8C5820B2D2}.Debug|Any CPU.Build.0 = Debug|Any CPU
		{B016C41A-3C72-4E46-B43E-0A8C5820B2D2}.Release|Any CPU.ActiveCfg = Release|Any CPU
		{B016C41A-3C72-4E46-B43E-0A8C5820B2D2}.Release|Any CPU.Build.0 = Release|Any CPU
		{F7F15A6C-B4BC-4AC3-B937-6630CD1CA378}.Debug|Any CPU.ActiveCfg = Debug|Any CPU
		{F7F15A6C-B4BC-4AC3-B937-6630CD1CA378}.Debug|Any CPU.Build.0 = Debug|Any CPU
		{F7F15A6C-B4BC-4AC3-B937-6630CD1CA378}.Release|Any CPU.ActiveCfg = Release|Any CPU
		{F7F15A6C-B4BC-4AC3-B937-6630CD1CA378}.Release|Any CPU.Build.0 = Release|Any CPU
	EndGlobalSection
	GlobalSection(SolutionProperties) = preSolution
		HideSolutionNode = FALSE
	EndGlobalSection
EndGlobal
